
Microsoft Visual Studio Solution File, Format Version 12.00
# Visual Studio Version 16
VisualStudioVersion = 16.0.30413.136
MinimumVisualStudioVersion = 10.0.40219.1
Project("{FAE04EC0-301F-11D3-BF4B-00C04F79EFBC}") = "Metody10", "Metody10\Metody10.csproj", "{4F2AB3CE-0310-4DEC-A63B-3047B3A40341}"
EndProject
Project("{FAE04EC0-301F-11D3-BF4B-00C04F79EFBC}") = "Metody11", "Metody11\Metody11.csproj", "{6E0530FE-978B-447B-8181-12A4E21E494A}"
EndProject
Project("{FAE04EC0-301F-11D3-BF4B-00C04F79EFBC}") = "Metody12", "Metody12\Metody12.csproj", "{602C41B7-4B05-488C-9D92-2F144CA7CE1A}"
EndProject
Project("{FAE04EC0-301F-11D3-BF4B-00C04F79EFBC}") = "Metody13", "Metody13\Metody13.csproj", "{2BCE77DF-85A4-4D85-AEFE-2816805B040B}"
EndProject
Project("{FAE04EC0-301F-11D3-BF4B-00C04F79EFBC}") = "Metody14", "Metody14\Metody14.csproj", "{D70D8D2B-EFE9-4DC6-8093-1FE9ED9B90BF}"
EndProject
Project("{FAE04EC0-301F-11D3-BF4B-00C04F79EFBC}") = "Metody09", "Metody09\Metody09.csproj", "{5A5A0FE6-AC51-4D3D-8065-AB0CA22E12A1}"
EndProject
Global
	GlobalSection(SolutionConfigurationPlatforms) = preSolution
		Debug|Any CPU = Debug|Any CPU
		Release|Any CPU = Release|Any CPU
	EndGlobalSection
	GlobalSection(ProjectConfigurationPlatforms) = postSolution
		{4F2AB3CE-0310-4DEC-A63B-3047B3A40341}.Debug|Any CPU.ActiveCfg = Debug|Any CPU
		{4F2AB3CE-0310-4DEC-A63B-3047B3A40341}.Debug|Any CPU.Build.0 = Debug|Any CPU
		{4F2AB3CE-0310-4DEC-A63B-3047B3A40341}.Release|Any CPU.ActiveCfg = Release|Any CPU
		{4F2AB3CE-0310-4DEC-A63B-3047B3A40341}.Release|Any CPU.Build.0 = Release|Any CPU
		{6E0530FE-978B-447B-8181-12A4E21E494A}.Debug|Any CPU.ActiveCfg = Debug|Any CPU
		{6E0530FE-978B-447B-8181-12A4E21E494A}.Debug|Any CPU.Build.0 = Debug|Any CPU
		{6E0530FE-978B-447B-8181-12A4E21E494A}.Release|Any CPU.ActiveCfg = Release|Any CPU
		{6E0530FE-978B-447B-8181-12A4E21E494A}.Release|Any CPU.Build.0 = Release|Any CPU
		{602C41B7-4B05-488C-9D92-2F144CA7CE1A}.Debug|Any CPU.ActiveCfg = Debug|Any CPU
		{602C41B7-4B05-488C-9D92-2F144CA7CE1A}.Debug|Any CPU.Build.0 = Debug|Any CPU
		{602C41B7-4B05-488C-9D92-2F144CA7CE1A}.Release|Any CPU.ActiveCfg = Release|Any CPU
		{602C41B7-4B05-488C-9D92-2F144CA7CE1A}.Release|Any CPU.Build.0 = Release|Any CPU
		{2BCE77DF-85A4-4D85-AEFE-2816805B040B}.Debug|Any CPU.ActiveCfg = Debug|Any CPU
		{2BCE77DF-85A4-4D85-AEFE-2816805B040B}.Debug|Any CPU.Build.0 = Debug|Any CPU
		{2BCE77DF-85A4-4D85-AEFE-2816805B040B}.Release|Any CPU.ActiveCfg = Release|Any CPU
		{2BCE77DF-85A4-4D85-AEFE-2816805B040B}.Release|Any CPU.Build.0 = Release|Any CPU
		{D70D8D2B-EFE9-4DC6-8093-1FE9ED9B90BF}.Debug|Any CPU.ActiveCfg = Debug|Any CPU
		{D70D8D2B-EFE9-4DC6-8093-1FE9ED9B90BF}.Debug|Any CPU.Build.0 = Debug|Any CPU
		{D70D8D2B-EFE9-4DC6-8093-1FE9ED9B90BF}.Release|Any CPU.ActiveCfg = Release|Any CPU
		{D70D8D2B-EFE9-4DC6-8093-1FE9ED9B90BF}.Release|Any CPU.Build.0 = Release|Any CPU
		{5A5A0FE6-AC51-4D3D-8065-AB0CA22E12A1}.Debug|Any CPU.ActiveCfg = Debug|Any CPU
		{5A5A0FE6-AC51-4D3D-8065-AB0CA22E12A1}.Debug|Any CPU.Build.0 = Debug|Any CPU
		{5A5A0FE6-AC51-4D3D-8065-AB0CA22E12A1}.Release|Any CPU.ActiveCfg = Release|Any CPU
		{5A5A0FE6-AC51-4D3D-8065-AB0CA22E12A1}.Release|Any CPU.Build.0 = Release|Any CPU
	EndGlobalSection
	GlobalSection(SolutionProperties) = preSolution
		HideSolutionNode = FALSE
	EndGlobalSection
	GlobalSection(ExtensibilityGlobals) = postSolution
		SolutionGuid = {633F8E81-643E-47CC-8035-FA65DD850666}
	EndGlobalSection
EndGlobal
